# This file was autogenerated by Stack.
# You should not edit this file by hand.
# For more information, please see the documentation at:
#   https://docs.haskellstack.org/en/stable/lock_files

packages:
- completed:
    hackage: fraxl-0.3.0.0@sha256:65cb43791d827fb8055828d41b6419fbed014ec856593d46cacb1db80f4338c9,1884
    pantry-tree:
      size: 727
      sha256: 404de5eed977d1548c91efa6cb263c9091cd03b8bd3889713e81db5841483940
  original:
    hackage: fraxl-0.3.0.0
- completed:
    hackage: haxl-2.3.0.0@sha256:4c9a7371a2c21df910628d582776cf52db72bcd6c808daa02823be0ab06f1eb9,3974
    pantry-tree:
      size: 3076
      sha256: 2da38564de7cda18d12923fef2fd279c7072a7dbd6ee13a4dfea7f347eb50c8c
  original:
    hackage: haxl-2.3.0.0
- completed:
    hackage: dependent-map-0.2.4.0@sha256:21d35c1eba3f2afa3af3c4c5d8998fd14ac76f596f951c280bd83d1d5a19ae28,1739
    pantry-tree:
      size: 453
      sha256: fb90d868424e86c32b03cef1ae1b08413e66503f3fc2e31f5111cf1f49846886
  original:
    hackage: dependent-map-0.2.4.0
- completed:
    hackage: dependent-sum-0.4@sha256:40c705604f52374fb72616e10234635104a626ede737ddde899777b719df120b,1907
    pantry-tree:
      size: 565
      sha256: 6c0cb5e52d35c04c3a561b342d41d0bfb20cd8a5e83ab39d93ab1a25aba50888
  original:
    hackage: dependent-sum-0.4
- completed:
    hackage: fastsum-0.1.1.1@sha256:ddb41e30396cc091845596130fb441150118086c6f227c0bd5ce30dadf9dad56,2398
    pantry-tree:
      size: 431
      sha256: 45e007bf4395315bf2cdb5b17f1e956739d836a53fa9dd022ea3d0b123ded8f5
  original:
    hackage: fastsum-0.1.1.1
- completed:
    hackage: type-aligned-0.9.6@sha256:2517994f5ce77cb8f3c30b33d403a90d36665d3f7ac668241f37a9f11b20db16,1075
    pantry-tree:
      size: 811
      sha256: 470fab1da31654617c674ae9c3b3a2c9fd7a1cb8876b45f6e1c600114d1f71f5
  original:
    hackage: type-aligned-0.9.6
- completed:
    hackage: graphql-0.11.0.0@sha256:64afbf2bd709307a14ddb837089d9024effd02e7ad9006fcdc421e7f62261c16,3435
    pantry-tree:
      size: 2947
      sha256: 71602e7cd8d7ea1f41d4889673fc2fd9489a3027e2b0c5f6ccdf1d7e4278f7e9
  original:
    hackage: graphql-0.11.0.0
snapshots:
- completed:
    size: 576325
    url: https://raw.githubusercontent.com/commercialhaskell/stackage-snapshots/master/nightly/2021/3/29.yaml
    sha256: 5f0ca824eadeb2ceac10672cac40cf3fd027f278beeab114a66d8b5becdb0dcd
  original: nightly-2021-03-29
